
Microsoft Visual Studio Solution File, Format Version 11.00
# Visual Studio 2010
Project("{FAE04EC0-301F-11D3-BF4B-00C04F79EFBC}") = "UnityEngine.SpatialTracking", "UnityEngine.SpatialTracking.csproj", "{06fe4545-6104-b35c-0a8d-5e76152a9d20}"
EndProject
Project("{FAE04EC0-301F-11D3-BF4B-00C04F79EFBC}") = "Oculus.Platform", "Oculus.Platform.csproj", "{711e4018-6e1b-3562-0f8b-7c813390e833}"
EndProject
Project("{FAE04EC0-301F-11D3-BF4B-00C04F79EFBC}") = "Unity.XR.Interaction.Toolkit", "Unity.XR.Interaction.Toolkit.csproj", "{433032c1-f002-5a37-5091-005bfb16c898}"
EndProject
Project("{FAE04EC0-301F-11D3-BF4B-00C04F79EFBC}") = "Assembly-CSharp", "Assembly-CSharp.csproj", "{d48b8b62-6325-f55d-f8d1-e1e05f631d3b}"
EndProject
Project("{FAE04EC0-301F-11D3-BF4B-00C04F79EFBC}") = "UnityEngine.TestRunner", "UnityEngine.TestRunner.csproj", "{de3ae731-41ab-413c-12f9-ee5531097ceb}"
EndProject
Project("{FAE04EC0-301F-11D3-BF4B-00C04F79EFBC}") = "Unity.InputSystem", "Unity.InputSystem.csproj", "{1940b405-b17f-255e-68e0-7867ceacb735}"
EndProject
Project("{FAE04EC0-301F-11D3-BF4B-00C04F79EFBC}") = "Unity.VisualScripting.State", "Unity.VisualScripting.State.csproj", "{14226a1d-97d0-c858-b6ba-40deeb787d9d}"
EndProject
Project("{FAE04EC0-301F-11D3-BF4B-00C04F79EFBC}") = "Oculus.Interaction", "Oculus.Interaction.csproj", "{aa7444f9-f411-54dd-3b7b-42b6197b3d51}"
EndProject
Project("{FAE04EC0-301F-11D3-BF4B-00C04F79EFBC}") = "Unity.VisualScripting.Flow", "Unity.VisualScripting.Flow.csproj", "{be61e74b-04d3-b60a-2cca-d28d02833960}"
EndProject
Project("{FAE04EC0-301F-11D3-BF4B-00C04F79EFBC}") = "Meta.WitAi", "Meta.WitAi.csproj", "{dad7b5e2-a588-8913-134e-56e19d1dfcfb}"
EndProject
Project("{FAE04EC0-301F-11D3-BF4B-00C04F79EFBC}") = "Unity.VisualScripting.Core", "Unity.VisualScripting.Core.csproj", "{e0ac14f0-900c-ad00-d65c-d30d01286af5}"
EndProject
Project("{FAE04EC0-301F-11D3-BF4B-00C04F79EFBC}") = "Unity.XR.Oculus", "Unity.XR.Oculus.csproj", "{92112fe5-0047-4e2a-b963-4f257d073196}"
EndProject
Project("{FAE04EC0-301F-11D3-BF4B-00C04F79EFBC}") = "Unity.TextMeshPro", "Unity.TextMeshPro.csproj", "{398ba5e4-ba8b-bafd-6f87-a781e4a8402d}"
EndProject
Project("{FAE04EC0-301F-11D3-BF4B-00C04F79EFBC}") = "Oculus.VR", "Oculus.VR.csproj", "{62b663e8-338f-b8bf-373b-9698f3577ab1}"
EndProject
Project("{FAE04EC0-301F-11D3-BF4B-00C04F79EFBC}") = "VoiceSDK.Dictation.Runtime", "VoiceSDK.Dictation.Runtime.csproj", "{8d1d14f5-0881-e09e-46ef-0ce444471a3f}"
EndProject
Project("{FAE04EC0-301F-11D3-BF4B-00C04F79EFBC}") = "VoiceSDK.Runtime", "VoiceSDK.Runtime.csproj", "{911036d4-572e-539f-fde9-7463b7b1570f}"
EndProject
Project("{FAE04EC0-301F-11D3-BF4B-00C04F79EFBC}") = "Unity.XR.CoreUtils", "Unity.XR.CoreUtils.csproj", "{952fb90b-d460-2bcc-4b82-419c451b6917}"
EndProject
Project("{FAE04EC0-301F-11D3-BF4B-00C04F79EFBC}") = "Meta.WitAi.Lib", "Meta.WitAi.Lib.csproj", "{85faa27e-032c-7d86-5c38-3accea0899c8}"
EndProject
Project("{FAE04EC0-301F-11D3-BF4B-00C04F79EFBC}") = "Unity.XR.OpenXR", "Unity.XR.OpenXR.csproj", "{37b0c94f-cc16-c78d-d36c-4875e9aa1127}"
EndProject
Project("{FAE04EC0-301F-11D3-BF4B-00C04F79EFBC}") = "Unity.Timeline", "Unity.Timeline.csproj", "{4bd08fe4-a7d9-f5ec-f9e0-9bdce3f5b2ee}"
EndProject
Project("{FAE04EC0-301F-11D3-BF4B-00C04F79EFBC}") = "Oculus.Interaction.OVR.Samples", "Oculus.Interaction.OVR.Samples.csproj", "{ced87d0e-122e-1bd1-0f89-3e277077326e}"
EndProject
Project("{FAE04EC0-301F-11D3-BF4B-00C04F79EFBC}") = "Unity.Mathematics", "Unity.Mathematics.csproj", "{53354cf5-795f-c977-c695-ac07d7b217a2}"
EndProject
Project("{FAE04EC0-301F-11D3-BF4B-00C04F79EFBC}") = "Meta.WitAi.TTS.Samples", "Meta.WitAi.TTS.Samples.csproj", "{6d2649bf-3a3f-2d19-0b0e-10d2f55394d4}"
EndProject
Project("{FAE04EC0-301F-11D3-BF4B-00C04F79EFBC}") = "Oculus.Voice.Demo", "Oculus.Voice.Demo.csproj", "{d75fc3ce-2da0-75a6-4cfb-c4bd5c2a74f2}"
EndProject
Project("{FAE04EC0-301F-11D3-BF4B-00C04F79EFBC}") = "Oculus.Interaction.OVR", "Oculus.Interaction.OVR.csproj", "{20e478b0-b817-fd31-2521-6ae08bbd2d4e}"
EndProject
Project("{FAE04EC0-301F-11D3-BF4B-00C04F79EFBC}") = "AssistantCoreSDKRuntime", "AssistantCoreSDKRuntime.csproj", "{b0789c09-c34a-0ea3-c83d-7e93110151ee}"
EndProject
Project("{FAE04EC0-301F-11D3-BF4B-00C04F79EFBC}") = "Meta.WitAi.Conduit", "Meta.WitAi.Conduit.csproj", "{7dc544e2-8ac8-5bce-4bff-d3802073cef8}"
EndProject
Project("{FAE04EC0-301F-11D3-BF4B-00C04F79EFBC}") = "Oculus.AudioManager", "Oculus.AudioManager.csproj", "{a5477c21-ff1d-184c-0094-77455f8c464f}"
EndProject
Project("{FAE04EC0-301F-11D3-BF4B-00C04F79EFBC}") = "Oculus.LipSync", "Oculus.LipSync.csproj", "{ded49478-fbae-e315-c879-d4c06f61cf15}"
EndProject
Project("{FAE04EC0-301F-11D3-BF4B-00C04F79EFBC}") = "Oculus.Spatializer", "Oculus.Spatializer.csproj", "{ace5a28d-4366-945f-dfbb-3d59fafd3074}"
EndProject
Project("{FAE04EC0-301F-11D3-BF4B-00C04F79EFBC}") = "Unity.XR.Hands", "Unity.XR.Hands.csproj", "{d6e1b020-0552-98a1-490b-6c52a0f3b0c0}"
EndProject
Project("{FAE04EC0-301F-11D3-BF4B-00C04F79EFBC}") = "Unity.XR.Management", "Unity.XR.Management.csproj", "{ae60665f-dd11-4707-47ee-52510c83b03e}"
EndProject
Project("{FAE04EC0-301F-11D3-BF4B-00C04F79EFBC}") = "Meta.VoiceSDK.Mic.Other", "Meta.VoiceSDK.Mic.Other.csproj", "{ff1c6216-6af7-7a39-a202-876e40825cbb}"
EndProject
Project("{FAE04EC0-301F-11D3-BF4B-00C04F79EFBC}") = "Unity.XR.Interaction.Toolkit.Samples.Hands", "Unity.XR.Interaction.Toolkit.Samples.Hands.csproj", "{e507a932-98e2-de30-cddb-e41b7511d776}"
EndProject
Project("{FAE04EC0-301F-11D3-BF4B-00C04F79EFBC}") = "Meta.VoiceSDK.Mic.WebGL", "Meta.VoiceSDK.Mic.WebGL.csproj", "{1619db38-1b1d-962e-2f2a-a64bd69a3984}"
EndProject
Project("{FAE04EC0-301F-11D3-BF4B-00C04F79EFBC}") = "Meta.VoiceSDK.Mic.Common", "Meta.VoiceSDK.Mic.Common.csproj", "{4b631931-6f86-f3ef-916e-2bc2a7762ef7}"
EndProject
Project("{FAE04EC0-301F-11D3-BF4B-00C04F79EFBC}") = "Facebook.Wit.Dictation", "Facebook.Wit.Dictation.csproj", "{2c1363e7-cb6a-93da-56ba-599ee4d0c3c4}"
EndProject
Project("{FAE04EC0-301F-11D3-BF4B-00C04F79EFBC}") = "UnityEngine.XR.LegacyInputHelpers", "UnityEngine.XR.LegacyInputHelpers.csproj", "{1dae75b8-e23f-fa4b-2114-69b924e722d7}"
EndProject
Project("{FAE04EC0-301F-11D3-BF4B-00C04F79EFBC}") = "Unity.XR.Interaction.Toolkit.Samples.StarterAssets", "Unity.XR.Interaction.Toolkit.Samples.StarterAssets.csproj", "{8d84459d-8dc6-34f7-50ba-d8373a0c73a3}"
EndProject
Project("{FAE04EC0-301F-11D3-BF4B-00C04F79EFBC}") = "Meta.WitAi.TTS", "Meta.WitAi.TTS.csproj", "{f1b4c0c1-46ed-4d12-8d1a-e380c56538e4}"
EndProject
Project("{FAE04EC0-301F-11D3-BF4B-00C04F79EFBC}") = "Unity.XR.OpenXR.Features.ConformanceAutomation", "Unity.XR.OpenXR.Features.ConformanceAutomation.csproj", "{57c599f1-fb26-4225-d87f-0c813608708a}"
EndProject
Project("{FAE04EC0-301F-11D3-BF4B-00C04F79EFBC}") = "Unity.XR.OpenXR.Features.MockRuntime", "Unity.XR.OpenXR.Features.MockRuntime.csproj", "{d78a382e-b774-8a4a-c95c-e6499282ec8d}"
EndProject
Project("{FAE04EC0-301F-11D3-BF4B-00C04F79EFBC}") = "Unity.XR.OpenXR.Features.MetaQuestSupport", "Unity.XR.OpenXR.Features.MetaQuestSupport.csproj", "{310ec34d-f42b-6e2e-b872-ec9166cff08e}"
EndProject
Project("{FAE04EC0-301F-11D3-BF4B-00C04F79EFBC}") = "Unity.InputSystem.TestFramework", "Unity.InputSystem.TestFramework.csproj", "{65ce4672-3d75-fae7-38f9-2513b610ac75}"
EndProject
Project("{FAE04EC0-301F-11D3-BF4B-00C04F79EFBC}") = "Unity.XR.OpenXR.Features.RuntimeDebugger", "Unity.XR.OpenXR.Features.RuntimeDebugger.csproj", "{09c01e23-ab44-0782-2a17-680e4bafb65b}"
EndProject
Project("{FAE04EC0-301F-11D3-BF4B-00C04F79EFBC}") = "Unity.XR.Hands.Samples.VisualizerSample", "Unity.XR.Hands.Samples.VisualizerSample.csproj", "{6a6d46f2-d5d5-d361-d01e-969c1fd84d65}"
EndProject
Project("{FAE04EC0-301F-11D3-BF4B-00C04F79EFBC}") = "Unity.XR.OpenXR.Features.OculusQuestSupport", "Unity.XR.OpenXR.Features.OculusQuestSupport.csproj", "{9df1e878-8532-f77a-6186-cad0c526b566}"
EndProject
Project("{FAE04EC0-301F-11D3-BF4B-00C04F79EFBC}") = "Unity.XR.Interaction.Toolkit.Editor", "Unity.XR.Interaction.Toolkit.Editor.csproj", "{a489e98c-e9ab-72f3-0bee-c538656b294d}"
EndProject
Project("{FAE04EC0-301F-11D3-BF4B-00C04F79EFBC}") = "Unity.PlasticSCM.Editor", "Unity.PlasticSCM.Editor.csproj", "{0b8d69f0-dc20-02f7-4cb3-72c359acbf4a}"
EndProject
Project("{FAE04EC0-301F-11D3-BF4B-00C04F79EFBC}") = "Unity.VisualScripting.Core.Editor", "Unity.VisualScripting.Core.Editor.csproj", "{89693507-2bae-4c90-855e-baf835effb2c}"
EndProject
Project("{FAE04EC0-301F-11D3-BF4B-00C04F79EFBC}") = "Meta.WitAi.Editor", "Meta.WitAi.Editor.csproj", "{8eaf6eed-fd19-ea3e-f934-db6e7c8ee1bd}"
EndProject
Project("{FAE04EC0-301F-11D3-BF4B-00C04F79EFBC}") = "Unity.Timeline.Editor", "Unity.Timeline.Editor.csproj", "{82921815-12ee-8aa4-69da-f58da6f5311b}"
EndProject
Project("{FAE04EC0-301F-11D3-BF4B-00C04F79EFBC}") = "Unity.TextMeshPro.Editor", "Unity.TextMeshPro.Editor.csproj", "{104e8972-f864-263d-c61e-ccc9ab3167bd}"
EndProject
Project("{FAE04EC0-301F-11D3-BF4B-00C04F79EFBC}") = "Unity.VisualScripting.SettingsProvider.Editor", "Unity.VisualScripting.SettingsProvider.Editor.csproj", "{57246ccb-4eae-072b-279d-35e9cf09f1fa}"
EndProject
Project("{FAE04EC0-301F-11D3-BF4B-00C04F79EFBC}") = "UnityEditor.TestRunner", "UnityEditor.TestRunner.csproj", "{8c33dff8-bc7b-ac5d-ecf8-678e4011a54b}"
EndProject
Project("{FAE04EC0-301F-11D3-BF4B-00C04F79EFBC}") = "Unity.TestTools.CodeCoverage.Editor", "Unity.TestTools.CodeCoverage.Editor.csproj", "{f69d4293-af1e-a4c3-e698-946e8ec48252}"
EndProject
Project("{FAE04EC0-301F-11D3-BF4B-00C04F79EFBC}") = "Unity.VisualScripting.Flow.Editor", "Unity.VisualScripting.Flow.Editor.csproj", "{d3d9ce1f-9a3f-6cd2-b4d7-7c1e7c4affaf}"
EndProject
Project("{FAE04EC0-301F-11D3-BF4B-00C04F79EFBC}") = "Unity.Rider.Editor", "Unity.Rider.Editor.csproj", "{51788003-6c4d-da2d-f655-527b1394f4c7}"
EndProject
Project("{FAE04EC0-301F-11D3-BF4B-00C04F79EFBC}") = "Meta.WitAI.Lib.Editor", "Meta.WitAI.Lib.Editor.csproj", "{1d2c9fa6-f115-a114-1e2b-9d28d892e272}"
EndProject
Project("{FAE04EC0-301F-11D3-BF4B-00C04F79EFBC}") = "Oculus.VR.Editor", "Oculus.VR.Editor.csproj", "{1aff18f4-15ff-09dc-103a-fc2968374b24}"
EndProject
Project("{FAE04EC0-301F-11D3-BF4B-00C04F79EFBC}") = "Unity.Performance.Profile-Analyzer.Editor", "Unity.Performance.Profile-Analyzer.Editor.csproj", "{07ea6b3c-9b2c-ad58-61ce-8af6ea04fdf4}"
EndProject
Project("{FAE04EC0-301F-11D3-BF4B-00C04F79EFBC}") = "Meta.WitAi.Conduit.Editor", "Meta.WitAi.Conduit.Editor.csproj", "{1fde7acd-8b9d-9ac7-4e89-3bf3646c4dac}"
EndProject
Project("{FAE04EC0-301F-11D3-BF4B-00C04F79EFBC}") = "Unity.XR.OpenXR.Features.OculusQuestSupport.Editor", "Unity.XR.OpenXR.Features.OculusQuestSupport.Editor.csproj", "{5b9000fd-bb23-7ea2-6bff-7901c7354f2c}"
EndProject
Project("{FAE04EC0-301F-11D3-BF4B-00C04F79EFBC}") = "Unity.XR.Management.Editor", "Unity.XR.Management.Editor.csproj", "{bdfb406d-0775-10b3-3a88-5cbecb0948bd}"
EndProject
Project("{FAE04EC0-301F-11D3-BF4B-00C04F79EFBC}") = "Unity.VSCode.Editor", "Unity.VSCode.Editor.csproj", "{b2c7b2d4-0496-82a7-2e9a-bc5127fb45ed}"
EndProject
Project("{FAE04EC0-301F-11D3-BF4B-00C04F79EFBC}") = "Unity.VisualStudio.Editor", "Unity.VisualStudio.Editor.csproj", "{afa3f0d9-1c73-dfe9-ea33-4d64c482babc}"
EndProject
Project("{FAE04EC0-301F-11D3-BF4B-00C04F79EFBC}") = "Oculus.Interaction.Editor", "Oculus.Interaction.Editor.csproj", "{e73d1cd5-441b-ee55-bfcd-a69105901abf}"
EndProject
Project("{FAE04EC0-301F-11D3-BF4B-00C04F79EFBC}") = "Oculus.Interaction.OVR.Editor", "Oculus.Interaction.OVR.Editor.csproj", "{854e595c-16fb-d609-47a0-c113cfcc96b1}"
EndProject
Project("{FAE04EC0-301F-11D3-BF4B-00C04F79EFBC}") = "Assembly-CSharp-Editor", "Assembly-CSharp-Editor.csproj", "{2d12c817-1bca-9694-f548-a8f2086e6d2e}"
EndProject
Project("{FAE04EC0-301F-11D3-BF4B-00C04F79EFBC}") = "Unity.TestTools.CodeCoverage.Editor.OpenCover.Model", "Unity.TestTools.CodeCoverage.Editor.OpenCover.Model.csproj", "{89e78146-f19e-ea6e-c542-050c79395f5f}"
EndProject
Project("{FAE04EC0-301F-11D3-BF4B-00C04F79EFBC}") = "Oculus.VR.Scripts.Editor", "Oculus.VR.Scripts.Editor.csproj", "{a3dbc4a7-1fdf-e3c8-0b56-f41d4ddb7da3}"
EndProject
Project("{FAE04EC0-301F-11D3-BF4B-00C04F79EFBC}") = "Unity.Settings.Editor", "Unity.Settings.Editor.csproj", "{46a50f0a-98fb-ea65-5654-46d9fcf64f28}"
EndProject
Project("{FAE04EC0-301F-11D3-BF4B-00C04F79EFBC}") = "UnityEditor.SpatialTracking", "UnityEditor.SpatialTracking.csproj", "{31f37708-d7b7-337b-9de5-85794f8953dd}"
EndProject
Project("{FAE04EC0-301F-11D3-BF4B-00C04F79EFBC}") = "Oculus.Spatializer.Editor", "Oculus.Spatializer.Editor.csproj", "{59758594-9668-16e4-dea8-64868a91ca81}"
EndProject
Project("{FAE04EC0-301F-11D3-BF4B-00C04F79EFBC}") = "Meta.WitAi.TTS.Editor", "Meta.WitAi.TTS.Editor.csproj", "{914352c8-fe7a-bb73-bbe1-5e93201783a1}"
EndProject
Project("{FAE04EC0-301F-11D3-BF4B-00C04F79EFBC}") = "Unity.XR.OpenXR.Editor", "Unity.XR.OpenXR.Editor.csproj", "{763fa216-67a7-b043-b86e-64eb0cc32947}"
EndProject
Project("{FAE04EC0-301F-11D3-BF4B-00C04F79EFBC}") = "Unity.CollabProxy.Editor", "Unity.CollabProxy.Editor.csproj", "{cab5700c-f646-4384-8e3c-63d50da89bd0}"
EndProject
Project("{FAE04EC0-301F-11D3-BF4B-00C04F79EFBC}") = "Unity.VisualScripting.State.Editor", "Unity.VisualScripting.State.Editor.csproj", "{c955298f-14ba-7054-b956-cc5a3e3e585f}"
EndProject
Project("{FAE04EC0-301F-11D3-BF4B-00C04F79EFBC}") = "Unity.XR.CoreUtils.Editor", "Unity.XR.CoreUtils.Editor.csproj", "{1e7513fa-cbba-49ff-0c95-04013feded54}"
EndProject
Project("{FAE04EC0-301F-11D3-BF4B-00C04F79EFBC}") = "VoiceSDK.Dictation.Editor", "VoiceSDK.Dictation.Editor.csproj", "{15b58928-b0df-692d-4bb2-b17ce7a00107}"
EndProject
Project("{FAE04EC0-301F-11D3-BF4B-00C04F79EFBC}") = "UnityEditor.XR.LegacyInputHelpers", "UnityEditor.XR.LegacyInputHelpers.csproj", "{03ebdbb1-4d99-b6b7-e05c-be2efa66d891}"
EndProject
Project("{FAE04EC0-301F-11D3-BF4B-00C04F79EFBC}") = "Oculus.Platform.Editor", "Oculus.Platform.Editor.csproj", "{018303a6-9261-b194-b8b9-014cf2568cdf}"
EndProject
Project("{FAE04EC0-301F-11D3-BF4B-00C04F79EFBC}") = "VoiceSDK.Editor", "VoiceSDK.Editor.csproj", "{c199e427-5979-040c-2c4a-ceca52a64bf9}"
EndProject
Project("{FAE04EC0-301F-11D3-BF4B-00C04F79EFBC}") = "Oculus.AudioManager.Audio.Editor", "Oculus.AudioManager.Audio.Editor.csproj", "{71b309e1-4452-9f6a-0f59-93377c2c8532}"
EndProject
Project("{FAE04EC0-301F-11D3-BF4B-00C04F79EFBC}") = "Unity.XR.OpenXR.Features.RuntimeDebugger.Editor", "Unity.XR.OpenXR.Features.RuntimeDebugger.Editor.csproj", "{ff57f947-5441-c035-f741-9e35e6a74215}"
EndProject
Project("{FAE04EC0-301F-11D3-BF4B-00C04F79EFBC}") = "Unity.XR.Hands.Editor", "Unity.XR.Hands.Editor.csproj", "{7b43e6ae-2c6d-6529-b4a3-830ce079f573}"
EndProject
Project("{FAE04EC0-301F-11D3-BF4B-00C04F79EFBC}") = "Unity.XR.Oculus.Editor", "Unity.XR.Oculus.Editor.csproj", "{e4b781a9-accf-2cfb-6df2-dbfaccb42dea}"
EndProject
Project("{FAE04EC0-301F-11D3-BF4B-00C04F79EFBC}") = "Unity.XR.Interaction.Toolkit.Samples.Hands.Editor", "Unity.XR.Interaction.Toolkit.Samples.Hands.Editor.csproj", "{229f8335-2f21-1142-cb97-8e62512004a4}"
EndProject
Project("{FAE04EC0-301F-11D3-BF4B-00C04F79EFBC}") = "Unity.XR.OpenXR.Features.MetaQuestSupport.Editor", "Unity.XR.OpenXR.Features.MetaQuestSupport.Editor.csproj", "{6b7301ea-cc55-53df-3467-fe49681f9231}"
EndProject
Project("{FAE04EC0-301F-11D3-BF4B-00C04F79EFBC}") = "Unity.Mathematics.Editor", "Unity.Mathematics.Editor.csproj", "{49c24805-71b1-f157-c92d-9e520289e2c3}"
EndProject
Project("{FAE04EC0-301F-11D3-BF4B-00C04F79EFBC}") = "Unity.TestTools.CodeCoverage.Editor.OpenCover.Mono.Reflection", "Unity.TestTools.CodeCoverage.Editor.OpenCover.Mono.Reflection.csproj", "{6552c3d4-1463-3d0d-52af-7db2a3f369af}"
EndProject
Project("{FAE04EC0-301F-11D3-BF4B-00C04F79EFBC}") = "Oculus.LipSync.Editor", "Oculus.LipSync.Editor.csproj", "{2bb39810-ce7d-0c0c-bb2b-ad33cfda59fa}"
EndProject
Project("{FAE04EC0-301F-11D3-BF4B-00C04F79EFBC}") = "Oculus.AudioManager.Utils.Editor", "Oculus.AudioManager.Utils.Editor.csproj", "{66cb55bf-e52a-af82-27e2-da6178c0c154}"
EndProject
Project("{FAE04EC0-301F-11D3-BF4B-00C04F79EFBC}") = "Unity.EditorCoroutines.Editor", "Unity.EditorCoroutines.Editor.csproj", "{6185f8f5-26ca-1653-d094-e8ff950bd99b}"
EndProject
Project("{FAE04EC0-301F-11D3-BF4B-00C04F79EFBC}") = "Oculus.Interaction.Samples.Editor", "Oculus.Interaction.Samples.Editor.csproj", "{10e32f96-2ea8-e5ed-c3cc-90e1ffa1b71b}"
EndProject
Project("{FAE04EC0-301F-11D3-BF4B-00C04F79EFBC}") = "Facebook.Wit.Dictation.Editor", "Facebook.Wit.Dictation.Editor.csproj", "{c79486e9-c364-1d94-b9d7-0650d823fdda}"
EndProject
Project("{FAE04EC0-301F-11D3-BF4B-00C04F79EFBC}") = "Oculus.Interaction.InterfaceSupport", "Oculus.Interaction.InterfaceSupport.csproj", "{0bf813d8-699e-a743-3a5e-0470ea158b75}"
EndProject
Project("{FAE04EC0-301F-11D3-BF4B-00C04F79EFBC}") = "Unity.VisualScripting.Shared.Editor", "Unity.VisualScripting.Shared.Editor.csproj", "{4a4f6e7f-6551-04e1-0281-48fc4c18bec6}"
EndProject
Project("{FAE04EC0-301F-11D3-BF4B-00C04F79EFBC}") = "AssistantCoreSDKEditor", "AssistantCoreSDKEditor.csproj", "{72ed4481-b9bc-b679-7c42-d15c2fd13a8d}"
EndProject
Global
	GlobalSection(SolutionConfigurationPlatforms) = preSolution
		Debug|Any CPU = Debug|Any CPU
	EndGlobalSection
	GlobalSection(ProjectConfigurationPlatforms) = postSolution
		{06fe4545-6104-b35c-0a8d-5e76152a9d20}.Debug|Any CPU.ActiveCfg = Debug|Any CPU
		{06fe4545-6104-b35c-0a8d-5e76152a9d20}.Debug|Any CPU.Build.0 = Debug|Any CPU
		{711e4018-6e1b-3562-0f8b-7c813390e833}.Debug|Any CPU.ActiveCfg = Debug|Any CPU
		{711e4018-6e1b-3562-0f8b-7c813390e833}.Debug|Any CPU.Build.0 = Debug|Any CPU
		{433032c1-f002-5a37-5091-005bfb16c898}.Debug|Any CPU.ActiveCfg = Debug|Any CPU
		{433032c1-f002-5a37-5091-005bfb16c898}.Debug|Any CPU.Build.0 = Debug|Any CPU
		{d48b8b62-6325-f55d-f8d1-e1e05f631d3b}.Debug|Any CPU.ActiveCfg = Debug|Any CPU
		{d48b8b62-6325-f55d-f8d1-e1e05f631d3b}.Debug|Any CPU.Build.0 = Debug|Any CPU
		{de3ae731-41ab-413c-12f9-ee5531097ceb}.Debug|Any CPU.ActiveCfg = Debug|Any CPU
		{de3ae731-41ab-413c-12f9-ee5531097ceb}.Debug|Any CPU.Build.0 = Debug|Any CPU
		{1940b405-b17f-255e-68e0-7867ceacb735}.Debug|Any CPU.ActiveCfg = Debug|Any CPU
		{1940b405-b17f-255e-68e0-7867ceacb735}.Debug|Any CPU.Build.0 = Debug|Any CPU
		{14226a1d-97d0-c858-b6ba-40deeb787d9d}.Debug|Any CPU.ActiveCfg = Debug|Any CPU
		{14226a1d-97d0-c858-b6ba-40deeb787d9d}.Debug|Any CPU.Build.0 = Debug|Any CPU
		{aa7444f9-f411-54dd-3b7b-42b6197b3d51}.Debug|Any CPU.ActiveCfg = Debug|Any CPU
		{aa7444f9-f411-54dd-3b7b-42b6197b3d51}.Debug|Any CPU.Build.0 = Debug|Any CPU
		{be61e74b-04d3-b60a-2cca-d28d02833960}.Debug|Any CPU.ActiveCfg = Debug|Any CPU
		{be61e74b-04d3-b60a-2cca-d28d02833960}.Debug|Any CPU.Build.0 = Debug|Any CPU
		{dad7b5e2-a588-8913-134e-56e19d1dfcfb}.Debug|Any CPU.ActiveCfg = Debug|Any CPU
		{dad7b5e2-a588-8913-134e-56e19d1dfcfb}.Debug|Any CPU.Build.0 = Debug|Any CPU
		{e0ac14f0-900c-ad00-d65c-d30d01286af5}.Debug|Any CPU.ActiveCfg = Debug|Any CPU
		{e0ac14f0-900c-ad00-d65c-d30d01286af5}.Debug|Any CPU.Build.0 = Debug|Any CPU
		{92112fe5-0047-4e2a-b963-4f257d073196}.Debug|Any CPU.ActiveCfg = Debug|Any CPU
		{92112fe5-0047-4e2a-b963-4f257d073196}.Debug|Any CPU.Build.0 = Debug|Any CPU
		{398ba5e4-ba8b-bafd-6f87-a781e4a8402d}.Debug|Any CPU.ActiveCfg = Debug|Any CPU
		{398ba5e4-ba8b-bafd-6f87-a781e4a8402d}.Debug|Any CPU.Build.0 = Debug|Any CPU
		{62b663e8-338f-b8bf-373b-9698f3577ab1}.Debug|Any CPU.ActiveCfg = Debug|Any CPU
		{62b663e8-338f-b8bf-373b-9698f3577ab1}.Debug|Any CPU.Build.0 = Debug|Any CPU
		{8d1d14f5-0881-e09e-46ef-0ce444471a3f}.Debug|Any CPU.ActiveCfg = Debug|Any CPU
		{8d1d14f5-0881-e09e-46ef-0ce444471a3f}.Debug|Any CPU.Build.0 = Debug|Any CPU
		{911036d4-572e-539f-fde9-7463b7b1570f}.Debug|Any CPU.ActiveCfg = Debug|Any CPU
		{911036d4-572e-539f-fde9-7463b7b1570f}.Debug|Any CPU.Build.0 = Debug|Any CPU
		{952fb90b-d460-2bcc-4b82-419c451b6917}.Debug|Any CPU.ActiveCfg = Debug|Any CPU
		{952fb90b-d460-2bcc-4b82-419c451b6917}.Debug|Any CPU.Build.0 = Debug|Any CPU
		{85faa27e-032c-7d86-5c38-3accea0899c8}.Debug|Any CPU.ActiveCfg = Debug|Any CPU
		{85faa27e-032c-7d86-5c38-3accea0899c8}.Debug|Any CPU.Build.0 = Debug|Any CPU
		{37b0c94f-cc16-c78d-d36c-4875e9aa1127}.Debug|Any CPU.ActiveCfg = Debug|Any CPU
		{37b0c94f-cc16-c78d-d36c-4875e9aa1127}.Debug|Any CPU.Build.0 = Debug|Any CPU
		{4bd08fe4-a7d9-f5ec-f9e0-9bdce3f5b2ee}.Debug|Any CPU.ActiveCfg = Debug|Any CPU
		{4bd08fe4-a7d9-f5ec-f9e0-9bdce3f5b2ee}.Debug|Any CPU.Build.0 = Debug|Any CPU
		{ced87d0e-122e-1bd1-0f89-3e277077326e}.Debug|Any CPU.ActiveCfg = Debug|Any CPU
		{ced87d0e-122e-1bd1-0f89-3e277077326e}.Debug|Any CPU.Build.0 = Debug|Any CPU
		{53354cf5-795f-c977-c695-ac07d7b217a2}.Debug|Any CPU.ActiveCfg = Debug|Any CPU
		{53354cf5-795f-c977-c695-ac07d7b217a2}.Debug|Any CPU.Build.0 = Debug|Any CPU
		{6d2649bf-3a3f-2d19-0b0e-10d2f55394d4}.Debug|Any CPU.ActiveCfg = Debug|Any CPU
		{6d2649bf-3a3f-2d19-0b0e-10d2f55394d4}.Debug|Any CPU.Build.0 = Debug|Any CPU
		{d75fc3ce-2da0-75a6-4cfb-c4bd5c2a74f2}.Debug|Any CPU.ActiveCfg = Debug|Any CPU
		{d75fc3ce-2da0-75a6-4cfb-c4bd5c2a74f2}.Debug|Any CPU.Build.0 = Debug|Any CPU
		{20e478b0-b817-fd31-2521-6ae08bbd2d4e}.Debug|Any CPU.ActiveCfg = Debug|Any CPU
		{20e478b0-b817-fd31-2521-6ae08bbd2d4e}.Debug|Any CPU.Build.0 = Debug|Any CPU
		{b0789c09-c34a-0ea3-c83d-7e93110151ee}.Debug|Any CPU.ActiveCfg = Debug|Any CPU
		{b0789c09-c34a-0ea3-c83d-7e93110151ee}.Debug|Any CPU.Build.0 = Debug|Any CPU
		{7dc544e2-8ac8-5bce-4bff-d3802073cef8}.Debug|Any CPU.ActiveCfg = Debug|Any CPU
		{7dc544e2-8ac8-5bce-4bff-d3802073cef8}.Debug|Any CPU.Build.0 = Debug|Any CPU
		{a5477c21-ff1d-184c-0094-77455f8c464f}.Debug|Any CPU.ActiveCfg = Debug|Any CPU
		{a5477c21-ff1d-184c-0094-77455f8c464f}.Debug|Any CPU.Build.0 = Debug|Any CPU
		{ded49478-fbae-e315-c879-d4c06f61cf15}.Debug|Any CPU.ActiveCfg = Debug|Any CPU
		{ded49478-fbae-e315-c879-d4c06f61cf15}.Debug|Any CPU.Build.0 = Debug|Any CPU
		{ace5a28d-4366-945f-dfbb-3d59fafd3074}.Debug|Any CPU.ActiveCfg = Debug|Any CPU
		{ace5a28d-4366-945f-dfbb-3d59fafd3074}.Debug|Any CPU.Build.0 = Debug|Any CPU
		{d6e1b020-0552-98a1-490b-6c52a0f3b0c0}.Debug|Any CPU.ActiveCfg = Debug|Any CPU
		{d6e1b020-0552-98a1-490b-6c52a0f3b0c0}.Debug|Any CPU.Build.0 = Debug|Any CPU
		{ae60665f-dd11-4707-47ee-52510c83b03e}.Debug|Any CPU.ActiveCfg = Debug|Any CPU
		{ae60665f-dd11-4707-47ee-52510c83b03e}.Debug|Any CPU.Build.0 = Debug|Any CPU
		{ff1c6216-6af7-7a39-a202-876e40825cbb}.Debug|Any CPU.ActiveCfg = Debug|Any CPU
		{ff1c6216-6af7-7a39-a202-876e40825cbb}.Debug|Any CPU.Build.0 = Debug|Any CPU
		{e507a932-98e2-de30-cddb-e41b7511d776}.Debug|Any CPU.ActiveCfg = Debug|Any CPU
		{e507a932-98e2-de30-cddb-e41b7511d776}.Debug|Any CPU.Build.0 = Debug|Any CPU
		{1619db38-1b1d-962e-2f2a-a64bd69a3984}.Debug|Any CPU.ActiveCfg = Debug|Any CPU
		{1619db38-1b1d-962e-2f2a-a64bd69a3984}.Debug|Any CPU.Build.0 = Debug|Any CPU
		{4b631931-6f86-f3ef-916e-2bc2a7762ef7}.Debug|Any CPU.ActiveCfg = Debug|Any CPU
		{4b631931-6f86-f3ef-916e-2bc2a7762ef7}.Debug|Any CPU.Build.0 = Debug|Any CPU
		{2c1363e7-cb6a-93da-56ba-599ee4d0c3c4}.Debug|Any CPU.ActiveCfg = Debug|Any CPU
		{2c1363e7-cb6a-93da-56ba-599ee4d0c3c4}.Debug|Any CPU.Build.0 = Debug|Any CPU
		{1dae75b8-e23f-fa4b-2114-69b924e722d7}.Debug|Any CPU.ActiveCfg = Debug|Any CPU
		{1dae75b8-e23f-fa4b-2114-69b924e722d7}.Debug|Any CPU.Build.0 = Debug|Any CPU
		{8d84459d-8dc6-34f7-50ba-d8373a0c73a3}.Debug|Any CPU.ActiveCfg = Debug|Any CPU
		{8d84459d-8dc6-34f7-50ba-d8373a0c73a3}.Debug|Any CPU.Build.0 = Debug|Any CPU
		{f1b4c0c1-46ed-4d12-8d1a-e380c56538e4}.Debug|Any CPU.ActiveCfg = Debug|Any CPU
		{f1b4c0c1-46ed-4d12-8d1a-e380c56538e4}.Debug|Any CPU.Build.0 = Debug|Any CPU
		{57c599f1-fb26-4225-d87f-0c813608708a}.Debug|Any CPU.ActiveCfg = Debug|Any CPU
		{57c599f1-fb26-4225-d87f-0c813608708a}.Debug|Any CPU.Build.0 = Debug|Any CPU
		{d78a382e-b774-8a4a-c95c-e6499282ec8d}.Debug|Any CPU.ActiveCfg = Debug|Any CPU
		{d78a382e-b774-8a4a-c95c-e6499282ec8d}.Debug|Any CPU.Build.0 = Debug|Any CPU
		{310ec34d-f42b-6e2e-b872-ec9166cff08e}.Debug|Any CPU.ActiveCfg = Debug|Any CPU
		{310ec34d-f42b-6e2e-b872-ec9166cff08e}.Debug|Any CPU.Build.0 = Debug|Any CPU
		{65ce4672-3d75-fae7-38f9-2513b610ac75}.Debug|Any CPU.ActiveCfg = Debug|Any CPU
		{65ce4672-3d75-fae7-38f9-2513b610ac75}.Debug|Any CPU.Build.0 = Debug|Any CPU
		{09c01e23-ab44-0782-2a17-680e4bafb65b}.Debug|Any CPU.ActiveCfg = Debug|Any CPU
		{09c01e23-ab44-0782-2a17-680e4bafb65b}.Debug|Any CPU.Build.0 = Debug|Any CPU
		{6a6d46f2-d5d5-d361-d01e-969c1fd84d65}.Debug|Any CPU.ActiveCfg = Debug|Any CPU
		{6a6d46f2-d5d5-d361-d01e-969c1fd84d65}.Debug|Any CPU.Build.0 = Debug|Any CPU
		{9df1e878-8532-f77a-6186-cad0c526b566}.Debug|Any CPU.ActiveCfg = Debug|Any CPU
		{9df1e878-8532-f77a-6186-cad0c526b566}.Debug|Any CPU.Build.0 = Debug|Any CPU
		{a489e98c-e9ab-72f3-0bee-c538656b294d}.Debug|Any CPU.ActiveCfg = Debug|Any CPU
		{a489e98c-e9ab-72f3-0bee-c538656b294d}.Debug|Any CPU.Build.0 = Debug|Any CPU
		{0b8d69f0-dc20-02f7-4cb3-72c359acbf4a}.Debug|Any CPU.ActiveCfg = Debug|Any CPU
		{0b8d69f0-dc20-02f7-4cb3-72c359acbf4a}.Debug|Any CPU.Build.0 = Debug|Any CPU
		{89693507-2bae-4c90-855e-baf835effb2c}.Debug|Any CPU.ActiveCfg = Debug|Any CPU
		{89693507-2bae-4c90-855e-baf835effb2c}.Debug|Any CPU.Build.0 = Debug|Any CPU
		{8eaf6eed-fd19-ea3e-f934-db6e7c8ee1bd}.Debug|Any CPU.ActiveCfg = Debug|Any CPU
		{8eaf6eed-fd19-ea3e-f934-db6e7c8ee1bd}.Debug|Any CPU.Build.0 = Debug|Any CPU
		{82921815-12ee-8aa4-69da-f58da6f5311b}.Debug|Any CPU.ActiveCfg = Debug|Any CPU
		{82921815-12ee-8aa4-69da-f58da6f5311b}.Debug|Any CPU.Build.0 = Debug|Any CPU
		{104e8972-f864-263d-c61e-ccc9ab3167bd}.Debug|Any CPU.ActiveCfg = Debug|Any CPU
		{104e8972-f864-263d-c61e-ccc9ab3167bd}.Debug|Any CPU.Build.0 = Debug|Any CPU
		{57246ccb-4eae-072b-279d-35e9cf09f1fa}.Debug|Any CPU.ActiveCfg = Debug|Any CPU
		{57246ccb-4eae-072b-279d-35e9cf09f1fa}.Debug|Any CPU.Build.0 = Debug|Any CPU
		{8c33dff8-bc7b-ac5d-ecf8-678e4011a54b}.Debug|Any CPU.ActiveCfg = Debug|Any CPU
		{8c33dff8-bc7b-ac5d-ecf8-678e4011a54b}.Debug|Any CPU.Build.0 = Debug|Any CPU
		{f69d4293-af1e-a4c3-e698-946e8ec48252}.Debug|Any CPU.ActiveCfg = Debug|Any CPU
		{f69d4293-af1e-a4c3-e698-946e8ec48252}.Debug|Any CPU.Build.0 = Debug|Any CPU
		{d3d9ce1f-9a3f-6cd2-b4d7-7c1e7c4affaf}.Debug|Any CPU.ActiveCfg = Debug|Any CPU
		{d3d9ce1f-9a3f-6cd2-b4d7-7c1e7c4affaf}.Debug|Any CPU.Build.0 = Debug|Any CPU
		{51788003-6c4d-da2d-f655-527b1394f4c7}.Debug|Any CPU.ActiveCfg = Debug|Any CPU
		{51788003-6c4d-da2d-f655-527b1394f4c7}.Debug|Any CPU.Build.0 = Debug|Any CPU
		{1d2c9fa6-f115-a114-1e2b-9d28d892e272}.Debug|Any CPU.ActiveCfg = Debug|Any CPU
		{1d2c9fa6-f115-a114-1e2b-9d28d892e272}.Debug|Any CPU.Build.0 = Debug|Any CPU
		{1aff18f4-15ff-09dc-103a-fc2968374b24}.Debug|Any CPU.ActiveCfg = Debug|Any CPU
		{1aff18f4-15ff-09dc-103a-fc2968374b24}.Debug|Any CPU.Build.0 = Debug|Any CPU
		{07ea6b3c-9b2c-ad58-61ce-8af6ea04fdf4}.Debug|Any CPU.ActiveCfg = Debug|Any CPU
		{07ea6b3c-9b2c-ad58-61ce-8af6ea04fdf4}.Debug|Any CPU.Build.0 = Debug|Any CPU
		{1fde7acd-8b9d-9ac7-4e89-3bf3646c4dac}.Debug|Any CPU.ActiveCfg = Debug|Any CPU
		{1fde7acd-8b9d-9ac7-4e89-3bf3646c4dac}.Debug|Any CPU.Build.0 = Debug|Any CPU
		{5b9000fd-bb23-7ea2-6bff-7901c7354f2c}.Debug|Any CPU.ActiveCfg = Debug|Any CPU
		{5b9000fd-bb23-7ea2-6bff-7901c7354f2c}.Debug|Any CPU.Build.0 = Debug|Any CPU
		{bdfb406d-0775-10b3-3a88-5cbecb0948bd}.Debug|Any CPU.ActiveCfg = Debug|Any CPU
		{bdfb406d-0775-10b3-3a88-5cbecb0948bd}.Debug|Any CPU.Build.0 = Debug|Any CPU
		{b2c7b2d4-0496-82a7-2e9a-bc5127fb45ed}.Debug|Any CPU.ActiveCfg = Debug|Any CPU
		{b2c7b2d4-0496-82a7-2e9a-bc5127fb45ed}.Debug|Any CPU.Build.0 = Debug|Any CPU
		{afa3f0d9-1c73-dfe9-ea33-4d64c482babc}.Debug|Any CPU.ActiveCfg = Debug|Any CPU
		{afa3f0d9-1c73-dfe9-ea33-4d64c482babc}.Debug|Any CPU.Build.0 = Debug|Any CPU
		{e73d1cd5-441b-ee55-bfcd-a69105901abf}.Debug|Any CPU.ActiveCfg = Debug|Any CPU
		{e73d1cd5-441b-ee55-bfcd-a69105901abf}.Debug|Any CPU.Build.0 = Debug|Any CPU
		{854e595c-16fb-d609-47a0-c113cfcc96b1}.Debug|Any CPU.ActiveCfg = Debug|Any CPU
		{854e595c-16fb-d609-47a0-c113cfcc96b1}.Debug|Any CPU.Build.0 = Debug|Any CPU
		{2d12c817-1bca-9694-f548-a8f2086e6d2e}.Debug|Any CPU.ActiveCfg = Debug|Any CPU
		{2d12c817-1bca-9694-f548-a8f2086e6d2e}.Debug|Any CPU.Build.0 = Debug|Any CPU
		{89e78146-f19e-ea6e-c542-050c79395f5f}.Debug|Any CPU.ActiveCfg = Debug|Any CPU
		{89e78146-f19e-ea6e-c542-050c79395f5f}.Debug|Any CPU.Build.0 = Debug|Any CPU
		{a3dbc4a7-1fdf-e3c8-0b56-f41d4ddb7da3}.Debug|Any CPU.ActiveCfg = Debug|Any CPU
		{a3dbc4a7-1fdf-e3c8-0b56-f41d4ddb7da3}.Debug|Any CPU.Build.0 = Debug|Any CPU
		{46a50f0a-98fb-ea65-5654-46d9fcf64f28}.Debug|Any CPU.ActiveCfg = Debug|Any CPU
		{46a50f0a-98fb-ea65-5654-46d9fcf64f28}.Debug|Any CPU.Build.0 = Debug|Any CPU
		{31f37708-d7b7-337b-9de5-85794f8953dd}.Debug|Any CPU.ActiveCfg = Debug|Any CPU
		{31f37708-d7b7-337b-9de5-85794f8953dd}.Debug|Any CPU.Build.0 = Debug|Any CPU
		{59758594-9668-16e4-dea8-64868a91ca81}.Debug|Any CPU.ActiveCfg = Debug|Any CPU
		{59758594-9668-16e4-dea8-64868a91ca81}.Debug|Any CPU.Build.0 = Debug|Any CPU
		{914352c8-fe7a-bb73-bbe1-5e93201783a1}.Debug|Any CPU.ActiveCfg = Debug|Any CPU
		{914352c8-fe7a-bb73-bbe1-5e93201783a1}.Debug|Any CPU.Build.0 = Debug|Any CPU
		{763fa216-67a7-b043-b86e-64eb0cc32947}.Debug|Any CPU.ActiveCfg = Debug|Any CPU
		{763fa216-67a7-b043-b86e-64eb0cc32947}.Debug|Any CPU.Build.0 = Debug|Any CPU
		{cab5700c-f646-4384-8e3c-63d50da89bd0}.Debug|Any CPU.ActiveCfg = Debug|Any CPU
		{cab5700c-f646-4384-8e3c-63d50da89bd0}.Debug|Any CPU.Build.0 = Debug|Any CPU
		{c955298f-14ba-7054-b956-cc5a3e3e585f}.Debug|Any CPU.ActiveCfg = Debug|Any CPU
		{c955298f-14ba-7054-b956-cc5a3e3e585f}.Debug|Any CPU.Build.0 = Debug|Any CPU
		{1e7513fa-cbba-49ff-0c95-04013feded54}.Debug|Any CPU.ActiveCfg = Debug|Any CPU
		{1e7513fa-cbba-49ff-0c95-04013feded54}.Debug|Any CPU.Build.0 = Debug|Any CPU
		{15b58928-b0df-692d-4bb2-b17ce7a00107}.Debug|Any CPU.ActiveCfg = Debug|Any CPU
		{15b58928-b0df-692d-4bb2-b17ce7a00107}.Debug|Any CPU.Build.0 = Debug|Any CPU
		{03ebdbb1-4d99-b6b7-e05c-be2efa66d891}.Debug|Any CPU.ActiveCfg = Debug|Any CPU
		{03ebdbb1-4d99-b6b7-e05c-be2efa66d891}.Debug|Any CPU.Build.0 = Debug|Any CPU
		{018303a6-9261-b194-b8b9-014cf2568cdf}.Debug|Any CPU.ActiveCfg = Debug|Any CPU
		{018303a6-9261-b194-b8b9-014cf2568cdf}.Debug|Any CPU.Build.0 = Debug|Any CPU
		{c199e427-5979-040c-2c4a-ceca52a64bf9}.Debug|Any CPU.ActiveCfg = Debug|Any CPU
		{c199e427-5979-040c-2c4a-ceca52a64bf9}.Debug|Any CPU.Build.0 = Debug|Any CPU
		{71b309e1-4452-9f6a-0f59-93377c2c8532}.Debug|Any CPU.ActiveCfg = Debug|Any CPU
		{71b309e1-4452-9f6a-0f59-93377c2c8532}.Debug|Any CPU.Build.0 = Debug|Any CPU
		{ff57f947-5441-c035-f741-9e35e6a74215}.Debug|Any CPU.ActiveCfg = Debug|Any CPU
		{ff57f947-5441-c035-f741-9e35e6a74215}.Debug|Any CPU.Build.0 = Debug|Any CPU
		{7b43e6ae-2c6d-6529-b4a3-830ce079f573}.Debug|Any CPU.ActiveCfg = Debug|Any CPU
		{7b43e6ae-2c6d-6529-b4a3-830ce079f573}.Debug|Any CPU.Build.0 = Debug|Any CPU
		{e4b781a9-accf-2cfb-6df2-dbfaccb42dea}.Debug|Any CPU.ActiveCfg = Debug|Any CPU
		{e4b781a9-accf-2cfb-6df2-dbfaccb42dea}.Debug|Any CPU.Build.0 = Debug|Any CPU
		{229f8335-2f21-1142-cb97-8e62512004a4}.Debug|Any CPU.ActiveCfg = Debug|Any CPU
		{229f8335-2f21-1142-cb97-8e62512004a4}.Debug|Any CPU.Build.0 = Debug|Any CPU
		{6b7301ea-cc55-53df-3467-fe49681f9231}.Debug|Any CPU.ActiveCfg = Debug|Any CPU
		{6b7301ea-cc55-53df-3467-fe49681f9231}.Debug|Any CPU.Build.0 = Debug|Any CPU
		{49c24805-71b1-f157-c92d-9e520289e2c3}.Debug|Any CPU.ActiveCfg = Debug|Any CPU
		{49c24805-71b1-f157-c92d-9e520289e2c3}.Debug|Any CPU.Build.0 = Debug|Any CPU
		{6552c3d4-1463-3d0d-52af-7db2a3f369af}.Debug|Any CPU.ActiveCfg = Debug|Any CPU
		{6552c3d4-1463-3d0d-52af-7db2a3f369af}.Debug|Any CPU.Build.0 = Debug|Any CPU
		{2bb39810-ce7d-0c0c-bb2b-ad33cfda59fa}.Debug|Any CPU.ActiveCfg = Debug|Any CPU
		{2bb39810-ce7d-0c0c-bb2b-ad33cfda59fa}.Debug|Any CPU.Build.0 = Debug|Any CPU
		{66cb55bf-e52a-af82-27e2-da6178c0c154}.Debug|Any CPU.ActiveCfg = Debug|Any CPU
		{66cb55bf-e52a-af82-27e2-da6178c0c154}.Debug|Any CPU.Build.0 = Debug|Any CPU
		{6185f8f5-26ca-1653-d094-e8ff950bd99b}.Debug|Any CPU.ActiveCfg = Debug|Any CPU
		{6185f8f5-26ca-1653-d094-e8ff950bd99b}.Debug|Any CPU.Build.0 = Debug|Any CPU
		{10e32f96-2ea8-e5ed-c3cc-90e1ffa1b71b}.Debug|Any CPU.ActiveCfg = Debug|Any CPU
		{10e32f96-2ea8-e5ed-c3cc-90e1ffa1b71b}.Debug|Any CPU.Build.0 = Debug|Any CPU
		{c79486e9-c364-1d94-b9d7-0650d823fdda}.Debug|Any CPU.ActiveCfg = Debug|Any CPU
		{c79486e9-c364-1d94-b9d7-0650d823fdda}.Debug|Any CPU.Build.0 = Debug|Any CPU
		{0bf813d8-699e-a743-3a5e-0470ea158b75}.Debug|Any CPU.ActiveCfg = Debug|Any CPU
		{0bf813d8-699e-a743-3a5e-0470ea158b75}.Debug|Any CPU.Build.0 = Debug|Any CPU
		{4a4f6e7f-6551-04e1-0281-48fc4c18bec6}.Debug|Any CPU.ActiveCfg = Debug|Any CPU
		{4a4f6e7f-6551-04e1-0281-48fc4c18bec6}.Debug|Any CPU.Build.0 = Debug|Any CPU
		{72ed4481-b9bc-b679-7c42-d15c2fd13a8d}.Debug|Any CPU.ActiveCfg = Debug|Any CPU
		{72ed4481-b9bc-b679-7c42-d15c2fd13a8d}.Debug|Any CPU.Build.0 = Debug|Any CPU
	EndGlobalSection
	GlobalSection(SolutionProperties) = preSolution
		HideSolutionNode = FALSE
	EndGlobalSection
EndGlobal
